
Microsoft Visual Studio Solution File, Format Version 11.00
# Visual Studio 2010
Project("{8BC9CEB8-8B4A-11D0-8D11-00A0C91BC942}") = "Core", "Core\Core.vcxproj", "{68821491-76E6-4090-B7A8-FA8C329FA2DB}"
EndProject
Project("{8BC9CEB8-8B4A-11D0-8D11-00A0C91BC942}") = "Ifc Adapter", "Ifc Adapter\Ifc Adapter.vcxproj", "{D703A763-8163-4B2E-A5E9-DECD31AE18C4}"
EndProject
Project("{54435603-DBB4-11D2-8724-00A0C9A8B90C}") = "SBT Installer", "SBT Installer\SBT Installer.vdproj", "{74AC13CF-547F-4AC3-B873-59DEBDE4A0D9}"
EndProject
Project("{8BC9CEB8-8B4A-11D0-8D11-00A0C91BC942}") = "CL Frontend", "CL Frontend\CL Frontend.vcxproj", "{0B09C4BF-7ECB-4E7B-A0DC-F5FABF38218E}"
	ProjectSection(ProjectDependencies) = postProject
		{68821491-76E6-4090-B7A8-FA8C329FA2DB} = {68821491-76E6-4090-B7A8-FA8C329FA2DB}
	EndProjectSection
EndProject
Project("{FAE04EC0-301F-11D3-BF4B-00C04F79EFBC}") = "ManagedWrapper", "CSharpCoreWrapper\ManagedWrapper.csproj", "{2B180C45-2DA1-4C26-9850-F92B9369D626}"
	ProjectSection(ProjectDependencies) = postProject
		{D703A763-8163-4B2E-A5E9-DECD31AE18C4} = {D703A763-8163-4B2E-A5E9-DECD31AE18C4}
		{68821491-76E6-4090-B7A8-FA8C329FA2DB} = {68821491-76E6-4090-B7A8-FA8C329FA2DB}
	EndProjectSection
EndProject
Project("{8BC9CEB8-8B4A-11D0-8D11-00A0C91BC942}") = "Tests", "Tests\Tests.vcxproj", "{26E4360A-9FEC-4EEE-B36D-626CDD587D3E}"
EndProject
Project("{FAE04EC0-301F-11D3-BF4B-00C04F79EFBC}") = "GUI", "GUI\GUI.csproj", "{A3147515-FF43-4B3E-BA2C-F747745D3EB8}"
EndProject
Project("{8BC9CEB8-8B4A-11D0-8D11-00A0C91BC942}") = "IfcInformationExtractor", "IfcInformationExtractor\IfcInformationExtractor.vcxproj", "{C30F68F1-3D01-419D-A925-05D517906CC0}"
EndProject
Global
	GlobalSection(SubversionScc) = preSolution
		Svn-Managed = True
		Manager = AnkhSVN - Subversion Support for Visual Studio
	EndGlobalSection
	GlobalSection(SolutionConfigurationPlatforms) = preSolution
		Debug|Any CPU = Debug|Any CPU
		Debug|Mixed Platforms = Debug|Mixed Platforms
		Debug|Win32 = Debug|Win32
		Debug|x86 = Debug|x86
		Release|Any CPU = Release|Any CPU
		Release|Mixed Platforms = Release|Mixed Platforms
		Release|Win32 = Release|Win32
		Release|x86 = Release|x86
	EndGlobalSection
	GlobalSection(ProjectConfigurationPlatforms) = postSolution
		{68821491-76E6-4090-B7A8-FA8C329FA2DB}.Debug|Any CPU.ActiveCfg = Debug|Win32
		{68821491-76E6-4090-B7A8-FA8C329FA2DB}.Debug|Mixed Platforms.ActiveCfg = Debug|Win32
		{68821491-76E6-4090-B7A8-FA8C329FA2DB}.Debug|Mixed Platforms.Build.0 = Debug|Win32
		{68821491-76E6-4090-B7A8-FA8C329FA2DB}.Debug|Win32.ActiveCfg = Debug|Win32
		{68821491-76E6-4090-B7A8-FA8C329FA2DB}.Debug|Win32.Build.0 = Debug|Win32
		{68821491-76E6-4090-B7A8-FA8C329FA2DB}.Debug|x86.ActiveCfg = Debug|Win32
		{68821491-76E6-4090-B7A8-FA8C329FA2DB}.Release|Any CPU.ActiveCfg = Release|Win32
		{68821491-76E6-4090-B7A8-FA8C329FA2DB}.Release|Mixed Platforms.ActiveCfg = Release|Win32
		{68821491-76E6-4090-B7A8-FA8C329FA2DB}.Release|Mixed Platforms.Build.0 = Release|Win32
		{68821491-76E6-4090-B7A8-FA8C329FA2DB}.Release|Win32.ActiveCfg = Release|Win32
		{68821491-76E6-4090-B7A8-FA8C329FA2DB}.Release|Win32.Build.0 = Release|Win32
		{68821491-76E6-4090-B7A8-FA8C329FA2DB}.Release|x86.ActiveCfg = Release|Win32
		{D703A763-8163-4B2E-A5E9-DECD31AE18C4}.Debug|Any CPU.ActiveCfg = Debug|Win32
		{D703A763-8163-4B2E-A5E9-DECD31AE18C4}.Debug|Mixed Platforms.ActiveCfg = Debug|Win32
		{D703A763-8163-4B2E-A5E9-DECD31AE18C4}.Debug|Mixed Platforms.Build.0 = Debug|Win32
		{D703A763-8163-4B2E-A5E9-DECD31AE18C4}.Debug|Win32.ActiveCfg = Debug|Win32
		{D703A763-8163-4B2E-A5E9-DECD31AE18C4}.Debug|Win32.Build.0 = Debug|Win32
		{D703A763-8163-4B2E-A5E9-DECD31AE18C4}.Debug|x86.ActiveCfg = Debug|Win32
		{D703A763-8163-4B2E-A5E9-DECD31AE18C4}.Release|Any CPU.ActiveCfg = Release|Win32
		{D703A763-8163-4B2E-A5E9-DECD31AE18C4}.Release|Mixed Platforms.ActiveCfg = Release|Win32
		{D703A763-8163-4B2E-A5E9-DECD31AE18C4}.Release|Mixed Platforms.Build.0 = Release|Win32
		{D703A763-8163-4B2E-A5E9-DECD31AE18C4}.Release|Win32.ActiveCfg = Release|Win32
		{D703A763-8163-4B2E-A5E9-DECD31AE18C4}.Release|Win32.Build.0 = Release|Win32
		{D703A763-8163-4B2E-A5E9-DECD31AE18C4}.Release|x86.ActiveCfg = Release|Win32
		{74AC13CF-547F-4AC3-B873-59DEBDE4A0D9}.Debug|Any CPU.ActiveCfg = Debug
		{74AC13CF-547F-4AC3-B873-59DEBDE4A0D9}.Debug|Any CPU.Build.0 = Debug
		{74AC13CF-547F-4AC3-B873-59DEBDE4A0D9}.Debug|Mixed Platforms.ActiveCfg = Debug
		{74AC13CF-547F-4AC3-B873-59DEBDE4A0D9}.Debug|Win32.ActiveCfg = Debug
		{74AC13CF-547F-4AC3-B873-59DEBDE4A0D9}.Debug|x86.ActiveCfg = Debug
		{74AC13CF-547F-4AC3-B873-59DEBDE4A0D9}.Debug|x86.Build.0 = Debug
		{74AC13CF-547F-4AC3-B873-59DEBDE4A0D9}.Release|Any CPU.ActiveCfg = Release
		{74AC13CF-547F-4AC3-B873-59DEBDE4A0D9}.Release|Any CPU.Build.0 = Release
		{74AC13CF-547F-4AC3-B873-59DEBDE4A0D9}.Release|Mixed Platforms.ActiveCfg = Release
		{74AC13CF-547F-4AC3-B873-59DEBDE4A0D9}.Release|Win32.ActiveCfg = Release
		{74AC13CF-547F-4AC3-B873-59DEBDE4A0D9}.Release|x86.ActiveCfg = Release
		{74AC13CF-547F-4AC3-B873-59DEBDE4A0D9}.Release|x86.Build.0 = Release
		{0B09C4BF-7ECB-4E7B-A0DC-F5FABF38218E}.Debug|Any CPU.ActiveCfg = Debug|Win32
		{0B09C4BF-7ECB-4E7B-A0DC-F5FABF38218E}.Debug|Mixed Platforms.ActiveCfg = Debug|Win32
		{0B09C4BF-7ECB-4E7B-A0DC-F5FABF38218E}.Debug|Mixed Platforms.Build.0 = Debug|Win32
		{0B09C4BF-7ECB-4E7B-A0DC-F5FABF38218E}.Debug|Win32.ActiveCfg = Debug|Win32
		{0B09C4BF-7ECB-4E7B-A0DC-F5FABF38218E}.Debug|Win32.Build.0 = Debug|Win32
		{0B09C4BF-7ECB-4E7B-A0DC-F5FABF38218E}.Debug|x86.ActiveCfg = Debug|Win32
		{0B09C4BF-7ECB-4E7B-A0DC-F5FABF38218E}.Release|Any CPU.ActiveCfg = Release|Win32
		{0B09C4BF-7ECB-4E7B-A0DC-F5FABF38218E}.Release|Mixed Platforms.ActiveCfg = Release|Win32
		{0B09C4BF-7ECB-4E7B-A0DC-F5FABF38218E}.Release|Mixed Platforms.Build.0 = Release|Win32
		{0B09C4BF-7ECB-4E7B-A0DC-F5FABF38218E}.Release|Win32.ActiveCfg = Release|Win32
		{0B09C4BF-7ECB-4E7B-A0DC-F5FABF38218E}.Release|Win32.Build.0 = Release|Win32
		{0B09C4BF-7ECB-4E7B-A0DC-F5FABF38218E}.Release|x86.ActiveCfg = Release|Win32
		{2B180C45-2DA1-4C26-9850-F92B9369D626}.Debug|Any CPU.ActiveCfg = Debug|Any CPU
		{2B180C45-2DA1-4C26-9850-F92B9369D626}.Debug|Any CPU.Build.0 = Debug|Any CPU
		{2B180C45-2DA1-4C26-9850-F92B9369D626}.Debug|Mixed Platforms.ActiveCfg = Debug|Any CPU
		{2B180C45-2DA1-4C26-9850-F92B9369D626}.Debug|Mixed Platforms.Build.0 = Debug|Any CPU
		{2B180C45-2DA1-4C26-9850-F92B9369D626}.Debug|Win32.ActiveCfg = Debug|Any CPU
		{2B180C45-2DA1-4C26-9850-F92B9369D626}.Debug|x86.ActiveCfg = Debug|Any CPU
		{2B180C45-2DA1-4C26-9850-F92B9369D626}.Release|Any CPU.ActiveCfg = Release|Any CPU
		{2B180C45-2DA1-4C26-9850-F92B9369D626}.Release|Any CPU.Build.0 = Release|Any CPU
		{2B180C45-2DA1-4C26-9850-F92B9369D626}.Release|Mixed Platforms.ActiveCfg = Release|Any CPU
		{2B180C45-2DA1-4C26-9850-F92B9369D626}.Release|Mixed Platforms.Build.0 = Release|Any CPU
		{2B180C45-2DA1-4C26-9850-F92B9369D626}.Release|Win32.ActiveCfg = Release|Any CPU
		{2B180C45-2DA1-4C26-9850-F92B9369D626}.Release|x86.ActiveCfg = Release|Any CPU
		{26E4360A-9FEC-4EEE-B36D-626CDD587D3E}.Debug|Any CPU.ActiveCfg = Debug|Win32
		{26E4360A-9FEC-4EEE-B36D-626CDD587D3E}.Debug|Mixed Platforms.ActiveCfg = Debug|Win32
		{26E4360A-9FEC-4EEE-B36D-626CDD587D3E}.Debug|Mixed Platforms.Build.0 = Debug|Win32
		{26E4360A-9FEC-4EEE-B36D-626CDD587D3E}.Debug|Win32.ActiveCfg = Debug|Win32
		{26E4360A-9FEC-4EEE-B36D-626CDD587D3E}.Debug|Win32.Build.0 = Debug|Win32
		{26E4360A-9FEC-4EEE-B36D-626CDD587D3E}.Debug|x86.ActiveCfg = Debug|Win32
		{26E4360A-9FEC-4EEE-B36D-626CDD587D3E}.Release|Any CPU.ActiveCfg = Release|Win32
		{26E4360A-9FEC-4EEE-B36D-626CDD587D3E}.Release|Mixed Platforms.ActiveCfg = Release|Win32
		{26E4360A-9FEC-4EEE-B36D-626CDD587D3E}.Release|Mixed Platforms.Build.0 = Release|Win32
		{26E4360A-9FEC-4EEE-B36D-626CDD587D3E}.Release|Win32.ActiveCfg = Release|Win32
		{26E4360A-9FEC-4EEE-B36D-626CDD587D3E}.Release|Win32.Build.0 = Release|Win32
		{26E4360A-9FEC-4EEE-B36D-626CDD587D3E}.Release|x86.ActiveCfg = Release|Win32
		{A3147515-FF43-4B3E-BA2C-F747745D3EB8}.Debug|Any CPU.ActiveCfg = Debug|x86
		{A3147515-FF43-4B3E-BA2C-F747745D3EB8}.Debug|Mixed Platforms.ActiveCfg = Debug|x86
		{A3147515-FF43-4B3E-BA2C-F747745D3EB8}.Debug|Mixed Platforms.Build.0 = Debug|x86
		{A3147515-FF43-4B3E-BA2C-F747745D3EB8}.Debug|Win32.ActiveCfg = Debug|x86
		{A3147515-FF43-4B3E-BA2C-F747745D3EB8}.Debug|x86.ActiveCfg = Debug|x86
		{A3147515-FF43-4B3E-BA2C-F747745D3EB8}.Debug|x86.Build.0 = Debug|x86
		{A3147515-FF43-4B3E-BA2C-F747745D3EB8}.Release|Any CPU.ActiveCfg = Release|x86
		{A3147515-FF43-4B3E-BA2C-F747745D3EB8}.Release|Mixed Platforms.ActiveCfg = Release|x86
		{A3147515-FF43-4B3E-BA2C-F747745D3EB8}.Release|Mixed Platforms.Build.0 = Release|x86
		{A3147515-FF43-4B3E-BA2C-F747745D3EB8}.Release|Win32.ActiveCfg = Release|x86
		{A3147515-FF43-4B3E-BA2C-F747745D3EB8}.Release|x86.ActiveCfg = Release|x86
		{A3147515-FF43-4B3E-BA2C-F747745D3EB8}.Release|x86.Build.0 = Release|x86
		{C30F68F1-3D01-419D-A925-05D517906CC0}.Debug|Any CPU.ActiveCfg = Debug|Win32
		{C30F68F1-3D01-419D-A925-05D517906CC0}.Debug|Mixed Platforms.ActiveCfg = Debug|Win32
		{C30F68F1-3D01-419D-A925-05D517906CC0}.Debug|Mixed Platforms.Build.0 = Debug|Win32
		{C30F68F1-3D01-419D-A925-05D517906CC0}.Debug|Win32.ActiveCfg = Debug|Win32
		{C30F68F1-3D01-419D-A925-05D517906CC0}.Debug|Win32.Build.0 = Debug|Win32
		{C30F68F1-3D01-419D-A925-05D517906CC0}.Debug|x86.ActiveCfg = Debug|Win32
		{C30F68F1-3D01-419D-A925-05D517906CC0}.Release|Any CPU.ActiveCfg = Release|Win32
		{C30F68F1-3D01-419D-A925-05D517906CC0}.Release|Mixed Platforms.ActiveCfg = Release|Win32
		{C30F68F1-3D01-419D-A925-05D517906CC0}.Release|Mixed Platforms.Build.0 = Release|Win32
		{C30F68F1-3D01-419D-A925-05D517906CC0}.Release|Win32.ActiveCfg = Release|Win32
		{C30F68F1-3D01-419D-A925-05D517906CC0}.Release|Win32.Build.0 = Release|Win32
		{C30F68F1-3D01-419D-A925-05D517906CC0}.Release|x86.ActiveCfg = Release|Win32
	EndGlobalSection
	GlobalSection(SolutionProperties) = preSolution
		HideSolutionNode = FALSE
	EndGlobalSection
EndGlobal
