<?xml version="1.0" encoding="utf-8"?>
<Project ToolsVersion="4.0" xmlns="http://schemas.microsoft.com/developer/msbuild/2003">
  <ItemGroup>
    <Filter Include="Resource Files">
      <UniqueIdentifier>{67DA6AB6-F800-4c08-8B7A-83BB121AAD01}</UniqueIdentifier>
      <Extensions>rc;ico;cur;bmp;dlg;rc2;rct;bin;rgs;gif;jpg;jpeg;jpe;resx;tiff;tif;png;wav;mfcribbon-ms</Extensions>
    </Filter>
    <Filter Include="managed">
      <UniqueIdentifier>{93995380-89BD-4b04-88EB-625FBE52EBFB}</UniqueIdentifier>
      <Extensions>h;hpp;hxx;hm;inl;inc;xsd</Extensions>
    </Filter>
  </ItemGroup>
  <ItemGroup>
    <ClInclude Include="IfcModel.h">
      <Filter>managed</Filter>
    </ClInclude>
    <ClInclude Include="resource.h" />
    <ClInclude Include="EdmDatabase.h">
      <Filter>managed</Filter>
    </ClInclude>
    <ClInclude Include="Edm.h">
      <Filter>managed</Filter>
    </ClInclude>
    <ClInclude Include="string_conversion.h" />
    <ClInclude Include="EdmException.h">
      <Filter>managed</Filter>
    </ClInclude>
    <ClInclude Include="IfcSpace.h">
      <Filter>managed</Filter>
    </ClInclude>
    <ClInclude Include="IfcElement.h">
      <Filter>managed</Filter>
    </ClInclude>
    <ClInclude Include="IfcZone.h">
      <Filter>managed</Filter>
    </ClInclude>
  </ItemGroup>
  <ItemGroup>
    <None Include="app.ico">
      <Filter>Resource Files</Filter>
    </None>
  </ItemGroup>
  <ItemGroup>
    <ResourceCompile Include="app.rc">
      <Filter>Resource Files</Filter>
    </ResourceCompile>
  </ItemGroup>
  <ItemGroup>
    <ClCompile Include="AssemblyInfo.cpp">
      <Filter>managed</Filter>
    </ClCompile>
    <ClCompile Include="IfcModel.cpp">
      <Filter>managed</Filter>
    </ClCompile>
    <ClCompile Include="EdmDatabase.cpp">
      <Filter>managed</Filter>
    </ClCompile>
    <ClCompile Include="IfcSpace.cpp">
      <Filter>managed</Filter>
    </ClCompile>
    <ClCompile Include="IfcElement.cpp">
      <Filter>managed</Filter>
    </ClCompile>
    <ClCompile Include="IfcZone.cpp">
      <Filter>managed</Filter>
    </ClCompile>
  </ItemGroup>
</Project>