<?xml version="1.0" encoding="utf-8"?>
<Project ToolsVersion="4.0" xmlns="http://schemas.microsoft.com/developer/msbuild/2003">
  <ItemGroup>
    <Filter Include="Header Files">
      <UniqueIdentifier>{93995380-89BD-4b04-88EB-625FBE52EBFB}</UniqueIdentifier>
      <Extensions>h;hpp;hxx;hm;inl;inc;xsd</Extensions>
    </Filter>
    <Filter Include="Resource Files">
      <UniqueIdentifier>{67DA6AB6-F800-4c08-8B7A-83BB121AAD01}</UniqueIdentifier>
      <Extensions>rc;ico;cur;bmp;dlg;rc2;rct;bin;rgs;gif;jpg;jpeg;jpe;resx;tiff;tif;png;wav;mfcribbon-ms</Extensions>
    </Filter>
    <Filter Include="Recompiled Source">
      <UniqueIdentifier>{b42e0c6f-c4d5-46d8-8cc1-2aebfb7c5714}</UniqueIdentifier>
    </Filter>
    <Filter Include="common">
      <UniqueIdentifier>{ee30733a-9d73-4c1d-83b6-cf73dda0447f}</UniqueIdentifier>
    </Filter>
    <Filter Include="unit">
      <UniqueIdentifier>{5f4b17b7-a815-4ad1-9f7a-3c7146ffce83}</UniqueIdentifier>
    </Filter>
    <Filter Include="unit\geometry">
      <UniqueIdentifier>{b37dfc27-352a-4078-a451-db9913ce0513}</UniqueIdentifier>
    </Filter>
    <Filter Include="unit\geometry\solid_geometry">
      <UniqueIdentifier>{a4d0d0b0-5b61-4e51-b903-206eee0eed29}</UniqueIdentifier>
    </Filter>
    <Filter Include="unit\geometry\geometry_2d">
      <UniqueIdentifier>{b7414bb2-5213-4592-931d-e999420892c0}</UniqueIdentifier>
    </Filter>
    <Filter Include="unit\operations">
      <UniqueIdentifier>{98f7c298-9ee5-4878-a8f8-0689e89f5430}</UniqueIdentifier>
    </Filter>
    <Filter Include="unit\operations\blocking">
      <UniqueIdentifier>{ff229426-c84c-4ed6-ade9-8f5179700f90}</UniqueIdentifier>
    </Filter>
    <Filter Include="unit\operations\opening_assignment">
      <UniqueIdentifier>{9abf6400-eee8-417a-941b-dd4addad37b8}</UniqueIdentifier>
    </Filter>
    <Filter Include="unit\geometry\geometry_2d\nef_polygons">
      <UniqueIdentifier>{df45178a-af26-4736-9348-051db57e1527}</UniqueIdentifier>
    </Filter>
    <Filter Include="integration">
      <UniqueIdentifier>{4FC737F1-C7A5-4376-A066-2A32D752A2FF}</UniqueIdentifier>
      <Extensions>cpp;c;cc;cxx;def;odl;idl;hpj;bat;asm;asmx</Extensions>
    </Filter>
  </ItemGroup>
  <ItemGroup>
    <ClCompile Include="..\Core\src\equality_context.cpp">
      <Filter>Recompiled Source</Filter>
    </ClCompile>
    <ClCompile Include="..\Core\src\multiview_solid.cpp">
      <Filter>Recompiled Source</Filter>
    </ClCompile>
    <ClCompile Include="..\Core\src\one_dimensional_equality_context.cpp">
      <Filter>Recompiled Source</Filter>
    </ClCompile>
    <ClCompile Include="..\Core\src\orientation.cpp">
      <Filter>Recompiled Source</Filter>
    </ClCompile>
    <ClCompile Include="..\Core\src\area.cpp">
      <Filter>Recompiled Source</Filter>
    </ClCompile>
    <ClCompile Include="..\Core\src\simple_face.cpp">
      <Filter>Recompiled Source</Filter>
    </ClCompile>
    <ClCompile Include="..\Core\src\wrapped_nef_polygon.cpp">
      <Filter>Recompiled Source</Filter>
    </ClCompile>
    <ClCompile Include="..\Core\src\oriented_area.cpp">
      <Filter>Recompiled Source</Filter>
    </ClCompile>
    <ClCompile Include="..\Core\src\polygon_with_holes_2.cpp">
      <Filter>Recompiled Source</Filter>
    </ClCompile>
    <ClCompile Include="..\Core\src\CreateGuid_64.c">
      <Filter>Recompiled Source</Filter>
    </ClCompile>
    <ClCompile Include="src\complicated_extruded_element.cpp">
      <Filter>integration</Filter>
    </ClCompile>
    <ClCompile Include="src\blocking_tests.cpp">
      <Filter>integration</Filter>
    </ClCompile>
    <ClCompile Include="..\Core\src\surface_pair.cpp">
      <Filter>Recompiled Source</Filter>
    </ClCompile>
    <ClCompile Include="..\Core\src\build_blocks.cpp">
      <Filter>Recompiled Source</Filter>
    </ClCompile>
    <ClCompile Include="..\Core\src\geometry_common.cpp">
      <Filter>Recompiled Source</Filter>
    </ClCompile>
    <ClCompile Include="..\Core\src\nef_polygon_face.cpp">
      <Filter>Recompiled Source</Filter>
    </ClCompile>
    <ClCompile Include="..\Core\src\nef_polygon_util.cpp">
      <Filter>Recompiled Source</Filter>
    </ClCompile>
    <ClCompile Include="..\Core\src\flatten.cpp">
      <Filter>Recompiled Source</Filter>
    </ClCompile>
    <ClCompile Include="..\Core\src\solid_geometry_util.cpp">
      <Filter>Recompiled Source</Filter>
    </ClCompile>
    <ClCompile Include="..\Core\src\stringification.cpp">
      <Filter>Recompiled Source</Filter>
    </ClCompile>
    <ClCompile Include="..\Core\src\polygon_with_holes_3.cpp">
      <Filter>Recompiled Source</Filter>
    </ClCompile>
    <ClCompile Include="src\common.cpp">
      <Filter>common</Filter>
    </ClCompile>
    <ClCompile Include="src\tests_main.cpp">
      <Filter>common</Filter>
    </ClCompile>
    <ClCompile Include="src\library_assumptions.cpp">
      <Filter>common</Filter>
    </ClCompile>
    <ClCompile Include="src\multiview_solid_tests.cpp">
      <Filter>unit\geometry\solid_geometry</Filter>
    </ClCompile>
    <ClCompile Include="src\solid_geometry_util_tests.cpp">
      <Filter>unit\geometry\solid_geometry</Filter>
    </ClCompile>
    <ClCompile Include="src\oriented_area_tests.cpp">
      <Filter>unit\geometry</Filter>
    </ClCompile>
    <ClCompile Include="src\is_hexahedral_prismatoid_tests.cpp">
      <Filter>unit\operations\blocking</Filter>
    </ClCompile>
    <ClCompile Include="src\assign_opening_tests.cpp">
      <Filter>unit\operations\opening_assignment</Filter>
    </ClCompile>
    <ClCompile Include="..\Core\src\assign_openings.cpp">
      <Filter>Recompiled Source</Filter>
    </ClCompile>
    <ClCompile Include="src\area_tests.cpp">
      <Filter>unit\geometry\geometry_2d</Filter>
    </ClCompile>
    <ClCompile Include="src\cleanup_loop_tests.cpp">
      <Filter>unit\geometry</Filter>
    </ClCompile>
    <ClCompile Include="src\precompiled.cpp">
      <Filter>common</Filter>
    </ClCompile>
    <ClCompile Include="src\nef_polygon_util_tests.cpp">
      <Filter>unit\geometry\geometry_2d\nef_polygons</Filter>
    </ClCompile>
    <ClCompile Include="src\wrapped_nef_polygon_tests.cpp">
      <Filter>unit\geometry\geometry_2d\nef_polygons</Filter>
    </ClCompile>
    <ClCompile Include="src\surface_pair_tests.cpp">
      <Filter>unit\operations\blocking</Filter>
    </ClCompile>
    <ClCompile Include="src\equality_context_tests.cpp">
      <Filter>unit\geometry</Filter>
    </ClCompile>
    <ClCompile Include="src\simple_face_tests.cpp">
      <Filter>unit\geometry</Filter>
    </ClCompile>
    <ClCompile Include="src\geometry_common_tests.cpp">
      <Filter>unit\geometry</Filter>
    </ClCompile>
  </ItemGroup>
  <ItemGroup>
    <ClInclude Include="src\common.h">
      <Filter>common</Filter>
    </ClInclude>
  </ItemGroup>
</Project>